
Microsoft Visual Studio Solution File, Format Version 12.00
# Visual Studio Version 17
VisualStudioVersion = 17.5.33530.505
MinimumVisualStudioVersion = 10.0.40219.1
Project("{8BC9CEB8-8B4A-11D0-8D11-00A0C91BC942}") = "week5_assignment1", "week5_assignment1\week5_assignment1.vcxproj", "{B9312BD1-FE70-4B67-857A-FCB19827CC31}"
EndProject
Project("{8BC9CEB8-8B4A-11D0-8D11-00A0C91BC942}") = "week5_assignment2", "week5_assignment2\week5_assignment2.vcxproj", "{0B224EEF-96EB-48BC-A9A8-AF0AA1B8544D}"
EndProject
Global
	GlobalSection(SolutionConfigurationPlatforms) = preSolution
		Debug|x64 = Debug|x64
		Debug|x86 = Debug|x86
		Release|x64 = Release|x64
		Release|x86 = Release|x86
	EndGlobalSection
	GlobalSection(ProjectConfigurationPlatforms) = postSolution
		{B9312BD1-FE70-4B67-857A-FCB19827CC31}.Debug|x64.ActiveCfg = Debug|x64
		{B9312BD1-FE70-4B67-857A-FCB19827CC31}.Debug|x64.Build.0 = Debug|x64
		{B9312BD1-FE70-4B67-857A-FCB19827CC31}.Debug|x86.ActiveCfg = Debug|Win32
		{B9312BD1-FE70-4B67-857A-FCB19827CC31}.Debug|x86.Build.0 = Debug|Win32
		{B9312BD1-FE70-4B67-857A-FCB19827CC31}.Release|x64.ActiveCfg = Release|x64
		{B9312BD1-FE70-4B67-857A-FCB19827CC31}.Release|x64.Build.0 = Release|x64
		{B9312BD1-FE70-4B67-857A-FCB19827CC31}.Release|x86.ActiveCfg = Release|Win32
		{B9312BD1-FE70-4B67-857A-FCB19827CC31}.Release|x86.Build.0 = Release|Win32
		{0B224EEF-96EB-48BC-A9A8-AF0AA1B8544D}.Debug|x64.ActiveCfg = Debug|x64
		{0B224EEF-96EB-48BC-A9A8-AF0AA1B8544D}.Debug|x64.Build.0 = Debug|x64
		{0B224EEF-96EB-48BC-A9A8-AF0AA1B8544D}.Debug|x86.ActiveCfg = Debug|Win32
		{0B224EEF-96EB-48BC-A9A8-AF0AA1B8544D}.Debug|x86.Build.0 = Debug|Win32
		{0B224EEF-96EB-48BC-A9A8-AF0AA1B8544D}.Release|x64.ActiveCfg = Release|x64
		{0B224EEF-96EB-48BC-A9A8-AF0AA1B8544D}.Release|x64.Build.0 = Release|x64
		{0B224EEF-96EB-48BC-A9A8-AF0AA1B8544D}.Release|x86.ActiveCfg = Release|Win32
		{0B224EEF-96EB-48BC-A9A8-AF0AA1B8544D}.Release|x86.Build.0 = Release|Win32
	EndGlobalSection
	GlobalSection(SolutionProperties) = preSolution
		HideSolutionNode = FALSE
	EndGlobalSection
	GlobalSection(ExtensibilityGlobals) = postSolution
		SolutionGuid = {BD79301B-C7E2-4E0D-A2ED-72D64FE4E3B9}
	EndGlobalSection
EndGlobal
