<?xml version="1.0" encoding="utf-8"?>
<Project ToolsVersion="4.0" xmlns="http://schemas.microsoft.com/developer/msbuild/2003">
  <ItemGroup>
    <Filter Include="Source Files">
      <UniqueIdentifier>{4FC737F1-C7A5-4376-A066-2A32D752A2FF}</UniqueIdentifier>
      <Extensions>cpp;c;cc;cxx;c++;cppm;ixx;def;odl;idl;hpj;bat;asm;asmx</Extensions>
    </Filter>
    <Filter Include="Header Files">
      <UniqueIdentifier>{93995380-89BD-4b04-88EB-625FBE52EBFB}</UniqueIdentifier>
      <Extensions>h;hh;hpp;hxx;h++;hm;inl;inc;ipp;xsd</Extensions>
    </Filter>
    <Filter Include="Resource Files">
      <UniqueIdentifier>{67DA6AB6-F800-4c08-8B7A-83BB121AAD01}</UniqueIdentifier>
      <Extensions>rc;ico;cur;bmp;dlg;rc2;rct;bin;rgs;gif;jpg;jpeg;jpe;resx;tiff;tif;png;wav;mfcribbon-ms</Extensions>
    </Filter>
    <Filter Include="Header Files\exercises">
      <UniqueIdentifier>{0968feb0-4414-4104-9b5c-5e37ad4f8daa}</UniqueIdentifier>
    </Filter>
    <Filter Include="Source Files\exercises">
      <UniqueIdentifier>{b8263c47-183a-491a-9cae-b1a697b2b30f}</UniqueIdentifier>
    </Filter>
    <Filter Include="Header Files\structure">
      <UniqueIdentifier>{4b7508fd-37fd-4b50-85be-680515d2fadb}</UniqueIdentifier>
    </Filter>
    <Filter Include="Source Files\structure">
      <UniqueIdentifier>{3d14f90b-2396-4a66-b94c-e0453f3c3e68}</UniqueIdentifier>
    </Filter>
  </ItemGroup>
  <ItemGroup>
    <ClCompile Include="main.c">
      <Filter>Source Files</Filter>
    </ClCompile>
    <ClCompile Include="ex5_1.c">
      <Filter>Source Files\exercises</Filter>
    </ClCompile>
    <ClCompile Include="ex5-2.c">
      <Filter>Source Files\exercises</Filter>
    </ClCompile>
    <ClCompile Include="stackS.c">
      <Filter>Source Files\structure</Filter>
    </ClCompile>
    <ClCompile Include="stackL.c">
      <Filter>Source Files\structure</Filter>
    </ClCompile>
    <ClCompile Include="ex5-3.c">
      <Filter>Source Files\exercises</Filter>
    </ClCompile>
    <ClCompile Include="ex5-4.c">
      <Filter>Source Files\exercises</Filter>
    </ClCompile>
    <ClCompile Include="stackString.c">
      <Filter>Source Files</Filter>
    </ClCompile>
  </ItemGroup>
  <ItemGroup>
    <ClInclude Include="exercises.h">
      <Filter>Header Files\exercises</Filter>
    </ClInclude>
    <ClInclude Include="stackS.h">
      <Filter>Header Files\structure</Filter>
    </ClInclude>
    <ClInclude Include="stackL.h">
      <Filter>Header Files\structure</Filter>
    </ClInclude>
    <ClInclude Include="stackString.h">
      <Filter>Header Files\structure</Filter>
    </ClInclude>
  </ItemGroup>
</Project>